// !$*UTF8*$!
{
	archiveVersion = 1;
	classes = {
	};
	objectVersion = 50;
	objects = {

/* Begin PBXBuildFile section */
		9506890C20E214CA009C2EE7 /* UIImageView+SCFBetterFace.m in Sources */ = {isa = PBXBuildFile; fileRef = 9506890B20E214CA009C2EE7 /* UIImageView+SCFBetterFace.m */; };
		9506890F20E22490009C2EE7 /* UIImageView+SCFFaceAwareFill.m in Sources */ = {isa = PBXBuildFile; fileRef = 9506890E20E22490009C2EE7 /* UIImageView+SCFFaceAwareFill.m */; };
		9506891220E23C8D009C2EE7 /* UIImageView+SCFReflect.m in Sources */ = {isa = PBXBuildFile; fileRef = 9506891120E23C8D009C2EE7 /* UIImageView+SCFReflect.m */; };
		9506891620E24622009C2EE7 /* UILabel+SCFAutoSize.m in Sources */ = {isa = PBXBuildFile; fileRef = 9506891520E24622009C2EE7 /* UILabel+SCFAutoSize.m */; };
		9506891920E31D30009C2EE7 /* UILabel+SCFAutomaticWriting.m in Sources */ = {isa = PBXBuildFile; fileRef = 9506891820E31D30009C2EE7 /* UILabel+SCFAutomaticWriting.m */; };
		9506891D20E3610C009C2EE7 /* UINavigationController+SCFStackManager.m in Sources */ = {isa = PBXBuildFile; fileRef = 9506891C20E3610C009C2EE7 /* UINavigationController+SCFStackManager.m */; };
		9506892020E3657B009C2EE7 /* UINavigationController+SCFAnimationTransition.m in Sources */ = {isa = PBXBuildFile; fileRef = 9506891F20E3657B009C2EE7 /* UINavigationController+SCFAnimationTransition.m */; };
		9506892420E36E55009C2EE7 /* UIScreen+SCFFrame.m in Sources */ = {isa = PBXBuildFile; fileRef = 9506892320E36E55009C2EE7 /* UIScreen+SCFFrame.m */; };
		9506892820E376DB009C2EE7 /* UIScrollView+SCFAddition.m in Sources */ = {isa = PBXBuildFile; fileRef = 9506892720E376DB009C2EE7 /* UIScrollView+SCFAddition.m */; };
		9506892B20E48BAD009C2EE7 /* UIScrollView+SCFPages.m in Sources */ = {isa = PBXBuildFile; fileRef = 9506892A20E48BAD009C2EE7 /* UIScrollView+SCFPages.m */; };
		9506892F20E4B329009C2EE7 /* UITextField+SCFHistory.m in Sources */ = {isa = PBXBuildFile; fileRef = 9506892E20E4B329009C2EE7 /* UITextField+SCFHistory.m */; };
		9506893220E4BFF7009C2EE7 /* UITextField+SCFSelect.m in Sources */ = {isa = PBXBuildFile; fileRef = 9506893120E4BFF7009C2EE7 /* UITextField+SCFSelect.m */; };
		9506893520E4C528009C2EE7 /* UITextField+SCFShake.m in Sources */ = {isa = PBXBuildFile; fileRef = 9506893420E4C528009C2EE7 /* UITextField+SCFShake.m */; };
		9506893820E5D8D9009C2EE7 /* UITextField+SCFInputLimit.m in Sources */ = {isa = PBXBuildFile; fileRef = 9506893720E5D8D9009C2EE7 /* UITextField+SCFInputLimit.m */; };
		9506893C20E5DDD6009C2EE7 /* UITextView+SCFInputLimit.m in Sources */ = {isa = PBXBuildFile; fileRef = 9506893B20E5DDD6009C2EE7 /* UITextView+SCFInputLimit.m */; };
		9506893F20E5E1D3009C2EE7 /* UITextView+SCFPinchZoom.m in Sources */ = {isa = PBXBuildFile; fileRef = 9506893E20E5E1D3009C2EE7 /* UITextView+SCFPinchZoom.m */; };
		9506894220E60343009C2EE7 /* UITextView+SCFPlaceHolder.m in Sources */ = {isa = PBXBuildFile; fileRef = 9506894120E60343009C2EE7 /* UITextView+SCFPlaceHolder.m */; };
		9506894520E60922009C2EE7 /* UITextView+SCFSelect.m in Sources */ = {isa = PBXBuildFile; fileRef = 9506894420E60922009C2EE7 /* UITextView+SCFSelect.m */; };
		9506894920E61820009C2EE7 /* UIView+SCFFrame.m in Sources */ = {isa = PBXBuildFile; fileRef = 9506894820E61820009C2EE7 /* UIView+SCFFrame.m */; };
		9506894C20E624C1009C2EE7 /* UIView+SCFShake.m in Sources */ = {isa = PBXBuildFile; fileRef = 9506894B20E624C1009C2EE7 /* UIView+SCFShake.m */; };
		9506894F20E6277B009C2EE7 /* UIView+SCFVisuals.m in Sources */ = {isa = PBXBuildFile; fileRef = 9506894E20E6277B009C2EE7 /* UIView+SCFVisuals.m */; };
		9506895220E9FD1B009C2EE7 /* UIView+SCFFindOwnController.m in Sources */ = {isa = PBXBuildFile; fileRef = 9506895120E9FD1B009C2EE7 /* UIView+SCFFindOwnController.m */; };
		9506895620EA033F009C2EE7 /* UIViewController+SCFStoreKit.m in Sources */ = {isa = PBXBuildFile; fileRef = 9506895520EA033F009C2EE7 /* UIViewController+SCFStoreKit.m */; };
		9506895A20EA1B97009C2EE7 /* UIWebView+SCFSwipeGesture.m in Sources */ = {isa = PBXBuildFile; fileRef = 9506895920EA1B97009C2EE7 /* UIWebView+SCFSwipeGesture.m */; };
		9506895D20EA1F30009C2EE7 /* UIWebView+SCFCanvas.m in Sources */ = {isa = PBXBuildFile; fileRef = 9506895C20EA1F30009C2EE7 /* UIWebView+SCFCanvas.m */; };
		9506896020EB5D36009C2EE7 /* UIColor+SCFWeb.m in Sources */ = {isa = PBXBuildFile; fileRef = 9506895F20EB5D36009C2EE7 /* UIColor+SCFWeb.m */; };
		9506896320EB67CC009C2EE7 /* UIWebView+SCFJavaScript.m in Sources */ = {isa = PBXBuildFile; fileRef = 9506896220EB67CC009C2EE7 /* UIWebView+SCFJavaScript.m */; };
		9506896620EB6C82009C2EE7 /* UIWebView+SCFStyle.m in Sources */ = {isa = PBXBuildFile; fileRef = 9506896520EB6C82009C2EE7 /* UIWebView+SCFStyle.m */; };
		9506896920EB6E72009C2EE7 /* UIWebView+SCFWebStorage.m in Sources */ = {isa = PBXBuildFile; fileRef = 9506896820EB6E72009C2EE7 /* UIWebView+SCFWebStorage.m */; };
		9506896D20EB6FE7009C2EE7 /* UIWindow+SCFHierarchy.m in Sources */ = {isa = PBXBuildFile; fileRef = 9506896C20EB6FE7009C2EE7 /* UIWindow+SCFHierarchy.m */; };
		9506897120EB7689009C2EE7 /* NSDate+SCFExtension.m in Sources */ = {isa = PBXBuildFile; fileRef = 9506897020EB7689009C2EE7 /* NSDate+SCFExtension.m */; };
		9506897420EB783B009C2EE7 /* NSDate+SCFFormatter.m in Sources */ = {isa = PBXBuildFile; fileRef = 9506897320EB783B009C2EE7 /* NSDate+SCFFormatter.m */; };
		9506897720EB7B62009C2EE7 /* NSDate+SCFHelper.m in Sources */ = {isa = PBXBuildFile; fileRef = 9506897620EB7B62009C2EE7 /* NSDate+SCFHelper.m */; };
		9506897A20EB7D84009C2EE7 /* NSDate+SCFInternetDateTime.m in Sources */ = {isa = PBXBuildFile; fileRef = 9506897920EB7D84009C2EE7 /* NSDate+SCFInternetDateTime.m */; };
		9506897D20EB7F4C009C2EE7 /* NSDate+SCFReporting.m in Sources */ = {isa = PBXBuildFile; fileRef = 9506897C20EB7F4C009C2EE7 /* NSDate+SCFReporting.m */; };
		9506898020EB8534009C2EE7 /* NSMutableAttributedString+SCFAttributedString.m in Sources */ = {isa = PBXBuildFile; fileRef = 9506897F20EB8534009C2EE7 /* NSMutableAttributedString+SCFAttributedString.m */; };
		9506898420EC7D2D009C2EE7 /* NSString+SCFHash.m in Sources */ = {isa = PBXBuildFile; fileRef = 9506898320EC7D2D009C2EE7 /* NSString+SCFHash.m */; };
		9506898720ECA9F1009C2EE7 /* NSString+SCFMD5.m in Sources */ = {isa = PBXBuildFile; fileRef = 9506898620ECA9F1009C2EE7 /* NSString+SCFMD5.m */; };
		9506898A20ECB104009C2EE7 /* NSString+SCFBase64.m in Sources */ = {isa = PBXBuildFile; fileRef = 9506898920ECB104009C2EE7 /* NSString+SCFBase64.m */; };
		9506898D20ECC621009C2EE7 /* NSString+SCFRegex.m in Sources */ = {isa = PBXBuildFile; fileRef = 9506898C20ECC621009C2EE7 /* NSString+SCFRegex.m */; };
		9506899020ECCC25009C2EE7 /* NSString+SCFString.m in Sources */ = {isa = PBXBuildFile; fileRef = 9506898F20ECCC25009C2EE7 /* NSString+SCFString.m */; };
		9506899320ECD141009C2EE7 /* NSString+SCFPinYin.m in Sources */ = {isa = PBXBuildFile; fileRef = 9506899220ECD141009C2EE7 /* NSString+SCFPinYin.m */; };
		9506899620EDB04B009C2EE7 /* NSString+SCFSize.m in Sources */ = {isa = PBXBuildFile; fileRef = 9506899520EDB04B009C2EE7 /* NSString+SCFSize.m */; };
		9506899920EDF3DB009C2EE7 /* NSString+SCFPages.m in Sources */ = {isa = PBXBuildFile; fileRef = 9506899820EDF3DB009C2EE7 /* NSString+SCFPages.m */; };
		9506899C20EDFE19009C2EE7 /* NSString+SCFTrimming.m in Sources */ = {isa = PBXBuildFile; fileRef = 9506899B20EDFE19009C2EE7 /* NSString+SCFTrimming.m */; };
		950689A020EE0874009C2EE7 /* NSDictionary+SCFValue.m in Sources */ = {isa = PBXBuildFile; fileRef = 9506899F20EE0874009C2EE7 /* NSDictionary+SCFValue.m */; };
		950689A320EE2465009C2EE7 /* NSDictionary+SCFMerge.m in Sources */ = {isa = PBXBuildFile; fileRef = 950689A220EE2465009C2EE7 /* NSDictionary+SCFMerge.m */; };
		959A59F220D8E7830097F0C1 /* AppDelegate.m in Sources */ = {isa = PBXBuildFile; fileRef = 959A59F120D8E7830097F0C1 /* AppDelegate.m */; };
		959A59F520D8E7830097F0C1 /* ViewController.m in Sources */ = {isa = PBXBuildFile; fileRef = 959A59F420D8E7830097F0C1 /* ViewController.m */; };
		959A59F820D8E7830097F0C1 /* Main.storyboard in Resources */ = {isa = PBXBuildFile; fileRef = 959A59F620D8E7830097F0C1 /* Main.storyboard */; };
		959A59FA20D8E7840097F0C1 /* Assets.xcassets in Resources */ = {isa = PBXBuildFile; fileRef = 959A59F920D8E7840097F0C1 /* Assets.xcassets */; };
		959A59FD20D8E7840097F0C1 /* LaunchScreen.storyboard in Resources */ = {isa = PBXBuildFile; fileRef = 959A59FB20D8E7840097F0C1 /* LaunchScreen.storyboard */; };
		959A5A0020D8E7840097F0C1 /* main.m in Sources */ = {isa = PBXBuildFile; fileRef = 959A59FF20D8E7840097F0C1 /* main.m */; };
		959A5A0B20D8F5E00097F0C1 /* UIBarButtonItem+SCFBadge.m in Sources */ = {isa = PBXBuildFile; fileRef = 959A5A0A20D8F5E00097F0C1 /* UIBarButtonItem+SCFBadge.m */; };
		959A5A1A20DA34FA0097F0C1 /* UIButton+SCFBadge.m in Sources */ = {isa = PBXBuildFile; fileRef = 959A5A1920DA34FA0097F0C1 /* UIButton+SCFBadge.m */; };
		959A5A1D20DA38350097F0C1 /* UIButton+SCFBackgroundImage.m in Sources */ = {isa = PBXBuildFile; fileRef = 959A5A1C20DA38350097F0C1 /* UIButton+SCFBackgroundImage.m */; };
		959A5A2020DA3F010097F0C1 /* UIButton+SCFCountDown.m in Sources */ = {isa = PBXBuildFile; fileRef = 959A5A1F20DA3F010097F0C1 /* UIButton+SCFCountDown.m */; };
		959A5A2320DA44420097F0C1 /* UIButton+SCFImagePosition.m in Sources */ = {isa = PBXBuildFile; fileRef = 959A5A2220DA44420097F0C1 /* UIButton+SCFImagePosition.m */; };
		959A5A2820DA502F0097F0C1 /* UIButton+SCFIndicator.m in Sources */ = {isa = PBXBuildFile; fileRef = 959A5A2720DA502F0097F0C1 /* UIButton+SCFIndicator.m */; };
		959A5A2C20DA5ADC0097F0C1 /* UIColor+SCFGradient.m in Sources */ = {isa = PBXBuildFile; fileRef = 959A5A2B20DA5ADC0097F0C1 /* UIColor+SCFGradient.m */; };
		959A5A2F20DA61230097F0C1 /* UIColor+SCFHexadecimal.m in Sources */ = {isa = PBXBuildFile; fileRef = 959A5A2E20DA61230097F0C1 /* UIColor+SCFHexadecimal.m */; };
		959A5A3220DB39450097F0C1 /* UIColor+SCFModify.m in Sources */ = {isa = PBXBuildFile; fileRef = 959A5A3120DB39450097F0C1 /* UIColor+SCFModify.m */; };
		959A5A3520DB405B0097F0C1 /* UIColor+SCFRandom.m in Sources */ = {isa = PBXBuildFile; fileRef = 959A5A3420DB405B0097F0C1 /* UIColor+SCFRandom.m */; };
		959A5A3920DB4AFE0097F0C1 /* UIImage+SCFAlpha.m in Sources */ = {isa = PBXBuildFile; fileRef = 959A5A3820DB4AFE0097F0C1 /* UIImage+SCFAlpha.m */; };
		959A5A3C20DB7D300097F0C1 /* UIImage+SCFAnimatedGIF.m in Sources */ = {isa = PBXBuildFile; fileRef = 959A5A3B20DB7D300097F0C1 /* UIImage+SCFAnimatedGIF.m */; };
		959A5A3F20DBBD000097F0C1 /* UIImage+SCFCapture.m in Sources */ = {isa = PBXBuildFile; fileRef = 959A5A3E20DBBD000097F0C1 /* UIImage+SCFCapture.m */; };
		959A5A4220DC8FBB0097F0C1 /* UIImage+SCFColor.m in Sources */ = {isa = PBXBuildFile; fileRef = 959A5A4120DC8FBB0097F0C1 /* UIImage+SCFColor.m */; };
		959A5A4520DCA1FD0097F0C1 /* UIImage+SCFScale.m in Sources */ = {isa = PBXBuildFile; fileRef = 959A5A4420DCA1FD0097F0C1 /* UIImage+SCFScale.m */; };
		959A5A4820DCDF130097F0C1 /* UIImage+SCFFileName.m in Sources */ = {isa = PBXBuildFile; fileRef = 959A5A4720DCDF130097F0C1 /* UIImage+SCFFileName.m */; };
		959A5A4B20DCF8C60097F0C1 /* UIImage+SCFMerge.m in Sources */ = {isa = PBXBuildFile; fileRef = 959A5A4A20DCF8C60097F0C1 /* UIImage+SCFMerge.m */; };
		959A5A4E20E081D30097F0C1 /* UIImage+SCFOrientation.m in Sources */ = {isa = PBXBuildFile; fileRef = 959A5A4D20E081D30097F0C1 /* UIImage+SCFOrientation.m */; };
		959A5A5120E0CA380097F0C1 /* UIImage+SCFRoundedCorner.m in Sources */ = {isa = PBXBuildFile; fileRef = 959A5A5020E0CA380097F0C1 /* UIImage+SCFRoundedCorner.m */; };
		959A5A5420E0D5030097F0C1 /* UIImage+SCFResize.m in Sources */ = {isa = PBXBuildFile; fileRef = 959A5A5320E0D5030097F0C1 /* UIImage+SCFResize.m */; };
		959A5A5820E0F75A0097F0C1 /* UIImageView+SCFAddition.m in Sources */ = {isa = PBXBuildFile; fileRef = 959A5A5720E0F75A0097F0C1 /* UIImageView+SCFAddition.m */; };
/* End PBXBuildFile section */

/* Begin PBXFileReference section */
		9506890A20E214CA009C2EE7 /* UIImageView+SCFBetterFace.h */ = {isa = PBXFileReference; lastKnownFileType = sourcecode.c.h; path = "UIImageView+SCFBetterFace.h"; sourceTree = "<group>"; };
		9506890B20E214CA009C2EE7 /* UIImageView+SCFBetterFace.m */ = {isa = PBXFileReference; lastKnownFileType = sourcecode.c.objc; path = "UIImageView+SCFBetterFace.m"; sourceTree = "<group>"; };
		9506890D20E22490009C2EE7 /* UIImageView+SCFFaceAwareFill.h */ = {isa = PBXFileReference; lastKnownFileType = sourcecode.c.h; path = "UIImageView+SCFFaceAwareFill.h"; sourceTree = "<group>"; };
		9506890E20E22490009C2EE7 /* UIImageView+SCFFaceAwareFill.m */ = {isa = PBXFileReference; lastKnownFileType = sourcecode.c.objc; path = "UIImageView+SCFFaceAwareFill.m"; sourceTree = "<group>"; };
		9506891020E23C8D009C2EE7 /* UIImageView+SCFReflect.h */ = {isa = PBXFileReference; lastKnownFileType = sourcecode.c.h; path = "UIImageView+SCFReflect.h"; sourceTree = "<group>"; };
		9506891120E23C8D009C2EE7 /* UIImageView+SCFReflect.m */ = {isa = PBXFileReference; lastKnownFileType = sourcecode.c.objc; path = "UIImageView+SCFReflect.m"; sourceTree = "<group>"; };
		9506891420E24622009C2EE7 /* UILabel+SCFAutoSize.h */ = {isa = PBXFileReference; lastKnownFileType = sourcecode.c.h; path = "UILabel+SCFAutoSize.h"; sourceTree = "<group>"; };
		9506891520E24622009C2EE7 /* UILabel+SCFAutoSize.m */ = {isa = PBXFileReference; lastKnownFileType = sourcecode.c.objc; path = "UILabel+SCFAutoSize.m"; sourceTree = "<group>"; };
		9506891720E31D30009C2EE7 /* UILabel+SCFAutomaticWriting.h */ = {isa = PBXFileReference; lastKnownFileType = sourcecode.c.h; path = "UILabel+SCFAutomaticWriting.h"; sourceTree = "<group>"; };
		9506891820E31D30009C2EE7 /* UILabel+SCFAutomaticWriting.m */ = {isa = PBXFileReference; lastKnownFileType = sourcecode.c.objc; path = "UILabel+SCFAutomaticWriting.m"; sourceTree = "<group>"; };
		9506891B20E3610C009C2EE7 /* UINavigationController+SCFStackManager.h */ = {isa = PBXFileReference; lastKnownFileType = sourcecode.c.h; path = "UINavigationController+SCFStackManager.h"; sourceTree = "<group>"; };
		9506891C20E3610C009C2EE7 /* UINavigationController+SCFStackManager.m */ = {isa = PBXFileReference; lastKnownFileType = sourcecode.c.objc; path = "UINavigationController+SCFStackManager.m"; sourceTree = "<group>"; };
		9506891E20E3657B009C2EE7 /* UINavigationController+SCFAnimationTransition.h */ = {isa = PBXFileReference; lastKnownFileType = sourcecode.c.h; path = "UINavigationController+SCFAnimationTransition.h"; sourceTree = "<group>"; };
		9506891F20E3657B009C2EE7 /* UINavigationController+SCFAnimationTransition.m */ = {isa = PBXFileReference; lastKnownFileType = sourcecode.c.objc; path = "UINavigationController+SCFAnimationTransition.m"; sourceTree = "<group>"; };
		9506892220E36E55009C2EE7 /* UIScreen+SCFFrame.h */ = {isa = PBXFileReference; lastKnownFileType = sourcecode.c.h; path = "UIScreen+SCFFrame.h"; sourceTree = "<group>"; };
		9506892320E36E55009C2EE7 /* UIScreen+SCFFrame.m */ = {isa = PBXFileReference; lastKnownFileType = sourcecode.c.objc; path = "UIScreen+SCFFrame.m"; sourceTree = "<group>"; };
		9506892620E376DB009C2EE7 /* UIScrollView+SCFAddition.h */ = {isa = PBXFileReference; lastKnownFileType = sourcecode.c.h; path = "UIScrollView+SCFAddition.h"; sourceTree = "<group>"; };
		9506892720E376DB009C2EE7 /* UIScrollView+SCFAddition.m */ = {isa = PBXFileReference; lastKnownFileType = sourcecode.c.objc; path = "UIScrollView+SCFAddition.m"; sourceTree = "<group>"; };
		9506892920E48BAD009C2EE7 /* UIScrollView+SCFPages.h */ = {isa = PBXFileReference; lastKnownFileType = sourcecode.c.h; path = "UIScrollView+SCFPages.h"; sourceTree = "<group>"; };
		9506892A20E48BAD009C2EE7 /* UIScrollView+SCFPages.m */ = {isa = PBXFileReference; lastKnownFileType = sourcecode.c.objc; path = "UIScrollView+SCFPages.m"; sourceTree = "<group>"; };
		9506892D20E4B329009C2EE7 /* UITextField+SCFHistory.h */ = {isa = PBXFileReference; lastKnownFileType = sourcecode.c.h; path = "UITextField+SCFHistory.h"; sourceTree = "<group>"; };
		9506892E20E4B329009C2EE7 /* UITextField+SCFHistory.m */ = {isa = PBXFileReference; lastKnownFileType = sourcecode.c.objc; path = "UITextField+SCFHistory.m"; sourceTree = "<group>"; };
		9506893020E4BFF7009C2EE7 /* UITextField+SCFSelect.h */ = {isa = PBXFileReference; lastKnownFileType = sourcecode.c.h; path = "UITextField+SCFSelect.h"; sourceTree = "<group>"; };
		9506893120E4BFF7009C2EE7 /* UITextField+SCFSelect.m */ = {isa = PBXFileReference; lastKnownFileType = sourcecode.c.objc; path = "UITextField+SCFSelect.m"; sourceTree = "<group>"; };
		9506893320E4C528009C2EE7 /* UITextField+SCFShake.h */ = {isa = PBXFileReference; lastKnownFileType = sourcecode.c.h; path = "UITextField+SCFShake.h"; sourceTree = "<group>"; };
		9506893420E4C528009C2EE7 /* UITextField+SCFShake.m */ = {isa = PBXFileReference; lastKnownFileType = sourcecode.c.objc; path = "UITextField+SCFShake.m"; sourceTree = "<group>"; };
		9506893620E5D8D9009C2EE7 /* UITextField+SCFInputLimit.h */ = {isa = PBXFileReference; lastKnownFileType = sourcecode.c.h; path = "UITextField+SCFInputLimit.h"; sourceTree = "<group>"; };
		9506893720E5D8D9009C2EE7 /* UITextField+SCFInputLimit.m */ = {isa = PBXFileReference; lastKnownFileType = sourcecode.c.objc; path = "UITextField+SCFInputLimit.m"; sourceTree = "<group>"; };
		9506893A20E5DDD6009C2EE7 /* UITextView+SCFInputLimit.h */ = {isa = PBXFileReference; lastKnownFileType = sourcecode.c.h; path = "UITextView+SCFInputLimit.h"; sourceTree = "<group>"; };
		9506893B20E5DDD6009C2EE7 /* UITextView+SCFInputLimit.m */ = {isa = PBXFileReference; lastKnownFileType = sourcecode.c.objc; path = "UITextView+SCFInputLimit.m"; sourceTree = "<group>"; };
		9506893D20E5E1D3009C2EE7 /* UITextView+SCFPinchZoom.h */ = {isa = PBXFileReference; lastKnownFileType = sourcecode.c.h; path = "UITextView+SCFPinchZoom.h"; sourceTree = "<group>"; };
		9506893E20E5E1D3009C2EE7 /* UITextView+SCFPinchZoom.m */ = {isa = PBXFileReference; lastKnownFileType = sourcecode.c.objc; path = "UITextView+SCFPinchZoom.m"; sourceTree = "<group>"; };
		9506894020E60343009C2EE7 /* UITextView+SCFPlaceHolder.h */ = {isa = PBXFileReference; lastKnownFileType = sourcecode.c.h; path = "UITextView+SCFPlaceHolder.h"; sourceTree = "<group>"; };
		9506894120E60343009C2EE7 /* UITextView+SCFPlaceHolder.m */ = {isa = PBXFileReference; lastKnownFileType = sourcecode.c.objc; path = "UITextView+SCFPlaceHolder.m"; sourceTree = "<group>"; };
		9506894320E60922009C2EE7 /* UITextView+SCFSelect.h */ = {isa = PBXFileReference; lastKnownFileType = sourcecode.c.h; path = "UITextView+SCFSelect.h"; sourceTree = "<group>"; };
		9506894420E60922009C2EE7 /* UITextView+SCFSelect.m */ = {isa = PBXFileReference; lastKnownFileType = sourcecode.c.objc; path = "UITextView+SCFSelect.m"; sourceTree = "<group>"; };
		9506894720E61820009C2EE7 /* UIView+SCFFrame.h */ = {isa = PBXFileReference; lastKnownFileType = sourcecode.c.h; path = "UIView+SCFFrame.h"; sourceTree = "<group>"; };
		9506894820E61820009C2EE7 /* UIView+SCFFrame.m */ = {isa = PBXFileReference; lastKnownFileType = sourcecode.c.objc; path = "UIView+SCFFrame.m"; sourceTree = "<group>"; };
		9506894A20E624C1009C2EE7 /* UIView+SCFShake.h */ = {isa = PBXFileReference; lastKnownFileType = sourcecode.c.h; path = "UIView+SCFShake.h"; sourceTree = "<group>"; };
		9506894B20E624C1009C2EE7 /* UIView+SCFShake.m */ = {isa = PBXFileReference; lastKnownFileType = sourcecode.c.objc; path = "UIView+SCFShake.m"; sourceTree = "<group>"; };
		9506894D20E6277B009C2EE7 /* UIView+SCFVisuals.h */ = {isa = PBXFileReference; lastKnownFileType = sourcecode.c.h; path = "UIView+SCFVisuals.h"; sourceTree = "<group>"; };
		9506894E20E6277B009C2EE7 /* UIView+SCFVisuals.m */ = {isa = PBXFileReference; lastKnownFileType = sourcecode.c.objc; path = "UIView+SCFVisuals.m"; sourceTree = "<group>"; };
		9506895020E9FD1B009C2EE7 /* UIView+SCFFindOwnController.h */ = {isa = PBXFileReference; lastKnownFileType = sourcecode.c.h; path = "UIView+SCFFindOwnController.h"; sourceTree = "<group>"; };
		9506895120E9FD1B009C2EE7 /* UIView+SCFFindOwnController.m */ = {isa = PBXFileReference; lastKnownFileType = sourcecode.c.objc; path = "UIView+SCFFindOwnController.m"; sourceTree = "<group>"; };
		9506895420EA033F009C2EE7 /* UIViewController+SCFStoreKit.h */ = {isa = PBXFileReference; lastKnownFileType = sourcecode.c.h; path = "UIViewController+SCFStoreKit.h"; sourceTree = "<group>"; };
		9506895520EA033F009C2EE7 /* UIViewController+SCFStoreKit.m */ = {isa = PBXFileReference; lastKnownFileType = sourcecode.c.objc; path = "UIViewController+SCFStoreKit.m"; sourceTree = "<group>"; };
		9506895820EA1B97009C2EE7 /* UIWebView+SCFSwipeGesture.h */ = {isa = PBXFileReference; lastKnownFileType = sourcecode.c.h; path = "UIWebView+SCFSwipeGesture.h"; sourceTree = "<group>"; };
		9506895920EA1B97009C2EE7 /* UIWebView+SCFSwipeGesture.m */ = {isa = PBXFileReference; lastKnownFileType = sourcecode.c.objc; path = "UIWebView+SCFSwipeGesture.m"; sourceTree = "<group>"; };
		9506895B20EA1F30009C2EE7 /* UIWebView+SCFCanvas.h */ = {isa = PBXFileReference; lastKnownFileType = sourcecode.c.h; path = "UIWebView+SCFCanvas.h"; sourceTree = "<group>"; };
		9506895C20EA1F30009C2EE7 /* UIWebView+SCFCanvas.m */ = {isa = PBXFileReference; lastKnownFileType = sourcecode.c.objc; path = "UIWebView+SCFCanvas.m"; sourceTree = "<group>"; };
		9506895E20EB5D36009C2EE7 /* UIColor+SCFWeb.h */ = {isa = PBXFileReference; lastKnownFileType = sourcecode.c.h; path = "UIColor+SCFWeb.h"; sourceTree = "<group>"; };
		9506895F20EB5D36009C2EE7 /* UIColor+SCFWeb.m */ = {isa = PBXFileReference; lastKnownFileType = sourcecode.c.objc; path = "UIColor+SCFWeb.m"; sourceTree = "<group>"; };
		9506896120EB67CC009C2EE7 /* UIWebView+SCFJavaScript.h */ = {isa = PBXFileReference; lastKnownFileType = sourcecode.c.h; path = "UIWebView+SCFJavaScript.h"; sourceTree = "<group>"; };
		9506896220EB67CC009C2EE7 /* UIWebView+SCFJavaScript.m */ = {isa = PBXFileReference; lastKnownFileType = sourcecode.c.objc; path = "UIWebView+SCFJavaScript.m"; sourceTree = "<group>"; };
		9506896420EB6C82009C2EE7 /* UIWebView+SCFStyle.h */ = {isa = PBXFileReference; lastKnownFileType = sourcecode.c.h; path = "UIWebView+SCFStyle.h"; sourceTree = "<group>"; };
		9506896520EB6C82009C2EE7 /* UIWebView+SCFStyle.m */ = {isa = PBXFileReference; lastKnownFileType = sourcecode.c.objc; path = "UIWebView+SCFStyle.m"; sourceTree = "<group>"; };
		9506896720EB6E72009C2EE7 /* UIWebView+SCFWebStorage.h */ = {isa = PBXFileReference; lastKnownFileType = sourcecode.c.h; path = "UIWebView+SCFWebStorage.h"; sourceTree = "<group>"; };
		9506896820EB6E72009C2EE7 /* UIWebView+SCFWebStorage.m */ = {isa = PBXFileReference; lastKnownFileType = sourcecode.c.objc; path = "UIWebView+SCFWebStorage.m"; sourceTree = "<group>"; };
		9506896B20EB6FE7009C2EE7 /* UIWindow+SCFHierarchy.h */ = {isa = PBXFileReference; lastKnownFileType = sourcecode.c.h; path = "UIWindow+SCFHierarchy.h"; sourceTree = "<group>"; };
		9506896C20EB6FE7009C2EE7 /* UIWindow+SCFHierarchy.m */ = {isa = PBXFileReference; lastKnownFileType = sourcecode.c.objc; path = "UIWindow+SCFHierarchy.m"; sourceTree = "<group>"; };
		9506896F20EB7689009C2EE7 /* NSDate+SCFExtension.h */ = {isa = PBXFileReference; lastKnownFileType = sourcecode.c.h; path = "NSDate+SCFExtension.h"; sourceTree = "<group>"; };
		9506897020EB7689009C2EE7 /* NSDate+SCFExtension.m */ = {isa = PBXFileReference; lastKnownFileType = sourcecode.c.objc; path = "NSDate+SCFExtension.m"; sourceTree = "<group>"; };
		9506897220EB783B009C2EE7 /* NSDate+SCFFormatter.h */ = {isa = PBXFileReference; lastKnownFileType = sourcecode.c.h; path = "NSDate+SCFFormatter.h"; sourceTree = "<group>"; };
		9506897320EB783B009C2EE7 /* NSDate+SCFFormatter.m */ = {isa = PBXFileReference; lastKnownFileType = sourcecode.c.objc; path = "NSDate+SCFFormatter.m"; sourceTree = "<group>"; };
		9506897520EB7B62009C2EE7 /* NSDate+SCFHelper.h */ = {isa = PBXFileReference; lastKnownFileType = sourcecode.c.h; path = "NSDate+SCFHelper.h"; sourceTree = "<group>"; };
		9506897620EB7B62009C2EE7 /* NSDate+SCFHelper.m */ = {isa = PBXFileReference; lastKnownFileType = sourcecode.c.objc; path = "NSDate+SCFHelper.m"; sourceTree = "<group>"; };
		9506897820EB7D84009C2EE7 /* NSDate+SCFInternetDateTime.h */ = {isa = PBXFileReference; lastKnownFileType = sourcecode.c.h; path = "NSDate+SCFInternetDateTime.h"; sourceTree = "<group>"; };
		9506897920EB7D84009C2EE7 /* NSDate+SCFInternetDateTime.m */ = {isa = PBXFileReference; lastKnownFileType = sourcecode.c.objc; path = "NSDate+SCFInternetDateTime.m"; sourceTree = "<group>"; };
		9506897B20EB7F4C009C2EE7 /* NSDate+SCFReporting.h */ = {isa = PBXFileReference; lastKnownFileType = sourcecode.c.h; path = "NSDate+SCFReporting.h"; sourceTree = "<group>"; };
		9506897C20EB7F4C009C2EE7 /* NSDate+SCFReporting.m */ = {isa = PBXFileReference; lastKnownFileType = sourcecode.c.objc; path = "NSDate+SCFReporting.m"; sourceTree = "<group>"; };
		9506897E20EB8534009C2EE7 /* NSMutableAttributedString+SCFAttributedString.h */ = {isa = PBXFileReference; lastKnownFileType = sourcecode.c.h; path = "NSMutableAttributedString+SCFAttributedString.h"; sourceTree = "<group>"; };
		9506897F20EB8534009C2EE7 /* NSMutableAttributedString+SCFAttributedString.m */ = {isa = PBXFileReference; lastKnownFileType = sourcecode.c.objc; path = "NSMutableAttributedString+SCFAttributedString.m"; sourceTree = "<group>"; };
		9506898220EC7D2D009C2EE7 /* NSString+SCFHash.h */ = {isa = PBXFileReference; lastKnownFileType = sourcecode.c.h; path = "NSString+SCFHash.h"; sourceTree = "<group>"; };
		9506898320EC7D2D009C2EE7 /* NSString+SCFHash.m */ = {isa = PBXFileReference; lastKnownFileType = sourcecode.c.objc; path = "NSString+SCFHash.m"; sourceTree = "<group>"; };
		9506898520ECA9F1009C2EE7 /* NSString+SCFMD5.h */ = {isa = PBXFileReference; lastKnownFileType = sourcecode.c.h; path = "NSString+SCFMD5.h"; sourceTree = "<group>"; };
		9506898620ECA9F1009C2EE7 /* NSString+SCFMD5.m */ = {isa = PBXFileReference; lastKnownFileType = sourcecode.c.objc; path = "NSString+SCFMD5.m"; sourceTree = "<group>"; };
		9506898820ECB104009C2EE7 /* NSString+SCFBase64.h */ = {isa = PBXFileReference; lastKnownFileType = sourcecode.c.h; path = "NSString+SCFBase64.h"; sourceTree = "<group>"; };
		9506898920ECB104009C2EE7 /* NSString+SCFBase64.m */ = {isa = PBXFileReference; lastKnownFileType = sourcecode.c.objc; path = "NSString+SCFBase64.m"; sourceTree = "<group>"; };
		9506898B20ECC621009C2EE7 /* NSString+SCFRegex.h */ = {isa = PBXFileReference; lastKnownFileType = sourcecode.c.h; path = "NSString+SCFRegex.h"; sourceTree = "<group>"; };
		9506898C20ECC621009C2EE7 /* NSString+SCFRegex.m */ = {isa = PBXFileReference; lastKnownFileType = sourcecode.c.objc; path = "NSString+SCFRegex.m"; sourceTree = "<group>"; };
		9506898E20ECCC25009C2EE7 /* NSString+SCFString.h */ = {isa = PBXFileReference; lastKnownFileType = sourcecode.c.h; path = "NSString+SCFString.h"; sourceTree = "<group>"; };
		9506898F20ECCC25009C2EE7 /* NSString+SCFString.m */ = {isa = PBXFileReference; lastKnownFileType = sourcecode.c.objc; path = "NSString+SCFString.m"; sourceTree = "<group>"; };
		9506899120ECD141009C2EE7 /* NSString+SCFPinYin.h */ = {isa = PBXFileReference; lastKnownFileType = sourcecode.c.h; path = "NSString+SCFPinYin.h"; sourceTree = "<group>"; };
		9506899220ECD141009C2EE7 /* NSString+SCFPinYin.m */ = {isa = PBXFileReference; lastKnownFileType = sourcecode.c.objc; path = "NSString+SCFPinYin.m"; sourceTree = "<group>"; };
		9506899420EDB04B009C2EE7 /* NSString+SCFSize.h */ = {isa = PBXFileReference; lastKnownFileType = sourcecode.c.h; path = "NSString+SCFSize.h"; sourceTree = "<group>"; };
		9506899520EDB04B009C2EE7 /* NSString+SCFSize.m */ = {isa = PBXFileReference; lastKnownFileType = sourcecode.c.objc; path = "NSString+SCFSize.m"; sourceTree = "<group>"; };
		9506899720EDF3DB009C2EE7 /* NSString+SCFPages.h */ = {isa = PBXFileReference; lastKnownFileType = sourcecode.c.h; path = "NSString+SCFPages.h"; sourceTree = "<group>"; };
		9506899820EDF3DB009C2EE7 /* NSString+SCFPages.m */ = {isa = PBXFileReference; lastKnownFileType = sourcecode.c.objc; path = "NSString+SCFPages.m"; sourceTree = "<group>"; };
		9506899A20EDFE19009C2EE7 /* NSString+SCFTrimming.h */ = {isa = PBXFileReference; lastKnownFileType = sourcecode.c.h; path = "NSString+SCFTrimming.h"; sourceTree = "<group>"; };
		9506899B20EDFE19009C2EE7 /* NSString+SCFTrimming.m */ = {isa = PBXFileReference; lastKnownFileType = sourcecode.c.objc; path = "NSString+SCFTrimming.m"; sourceTree = "<group>"; };
		9506899E20EE0873009C2EE7 /* NSDictionary+SCFValue.h */ = {isa = PBXFileReference; lastKnownFileType = sourcecode.c.h; path = "NSDictionary+SCFValue.h"; sourceTree = "<group>"; };
		9506899F20EE0874009C2EE7 /* NSDictionary+SCFValue.m */ = {isa = PBXFileReference; lastKnownFileType = sourcecode.c.objc; path = "NSDictionary+SCFValue.m"; sourceTree = "<group>"; };
		950689A120EE2465009C2EE7 /* NSDictionary+SCFMerge.h */ = {isa = PBXFileReference; lastKnownFileType = sourcecode.c.h; path = "NSDictionary+SCFMerge.h"; sourceTree = "<group>"; };
		950689A220EE2465009C2EE7 /* NSDictionary+SCFMerge.m */ = {isa = PBXFileReference; lastKnownFileType = sourcecode.c.objc; path = "NSDictionary+SCFMerge.m"; sourceTree = "<group>"; };
		959A59ED20D8E7830097F0C1 /* SCFCommonTools.app */ = {isa = PBXFileReference; explicitFileType = wrapper.application; includeInIndex = 0; path = SCFCommonTools.app; sourceTree = BUILT_PRODUCTS_DIR; };
		959A59F020D8E7830097F0C1 /* AppDelegate.h */ = {isa = PBXFileReference; lastKnownFileType = sourcecode.c.h; path = AppDelegate.h; sourceTree = "<group>"; };
		959A59F120D8E7830097F0C1 /* AppDelegate.m */ = {isa = PBXFileReference; lastKnownFileType = sourcecode.c.objc; path = AppDelegate.m; sourceTree = "<group>"; };
		959A59F320D8E7830097F0C1 /* ViewController.h */ = {isa = PBXFileReference; lastKnownFileType = sourcecode.c.h; path = ViewController.h; sourceTree = "<group>"; };
		959A59F420D8E7830097F0C1 /* ViewController.m */ = {isa = PBXFileReference; lastKnownFileType = sourcecode.c.objc; path = ViewController.m; sourceTree = "<group>"; };
		959A59F720D8E7830097F0C1 /* Base */ = {isa = PBXFileReference; lastKnownFileType = file.storyboard; name = Base; path = Base.lproj/Main.storyboard; sourceTree = "<group>"; };
		959A59F920D8E7840097F0C1 /* Assets.xcassets */ = {isa = PBXFileReference; lastKnownFileType = folder.assetcatalog; path = Assets.xcassets; sourceTree = "<group>"; };
		959A59FC20D8E7840097F0C1 /* Base */ = {isa = PBXFileReference; lastKnownFileType = file.storyboard; name = Base; path = Base.lproj/LaunchScreen.storyboard; sourceTree = "<group>"; };
		959A59FE20D8E7840097F0C1 /* Info.plist */ = {isa = PBXFileReference; lastKnownFileType = text.plist.xml; path = Info.plist; sourceTree = "<group>"; };
		959A59FF20D8E7840097F0C1 /* main.m */ = {isa = PBXFileReference; lastKnownFileType = sourcecode.c.objc; path = main.m; sourceTree = "<group>"; };
		959A5A0920D8F5E00097F0C1 /* UIBarButtonItem+SCFBadge.h */ = {isa = PBXFileReference; lastKnownFileType = sourcecode.c.h; path = "UIBarButtonItem+SCFBadge.h"; sourceTree = "<group>"; };
		959A5A0A20D8F5E00097F0C1 /* UIBarButtonItem+SCFBadge.m */ = {isa = PBXFileReference; lastKnownFileType = sourcecode.c.objc; path = "UIBarButtonItem+SCFBadge.m"; sourceTree = "<group>"; };
		959A5A1820DA34FA0097F0C1 /* UIButton+SCFBadge.h */ = {isa = PBXFileReference; lastKnownFileType = sourcecode.c.h; path = "UIButton+SCFBadge.h"; sourceTree = "<group>"; };
		959A5A1920DA34FA0097F0C1 /* UIButton+SCFBadge.m */ = {isa = PBXFileReference; lastKnownFileType = sourcecode.c.objc; path = "UIButton+SCFBadge.m"; sourceTree = "<group>"; };
		959A5A1B20DA38350097F0C1 /* UIButton+SCFBackgroundImage.h */ = {isa = PBXFileReference; lastKnownFileType = sourcecode.c.h; path = "UIButton+SCFBackgroundImage.h"; sourceTree = "<group>"; };
		959A5A1C20DA38350097F0C1 /* UIButton+SCFBackgroundImage.m */ = {isa = PBXFileReference; lastKnownFileType = sourcecode.c.objc; path = "UIButton+SCFBackgroundImage.m"; sourceTree = "<group>"; };
		959A5A1E20DA3F010097F0C1 /* UIButton+SCFCountDown.h */ = {isa = PBXFileReference; lastKnownFileType = sourcecode.c.h; path = "UIButton+SCFCountDown.h"; sourceTree = "<group>"; };
		959A5A1F20DA3F010097F0C1 /* UIButton+SCFCountDown.m */ = {isa = PBXFileReference; lastKnownFileType = sourcecode.c.objc; path = "UIButton+SCFCountDown.m"; sourceTree = "<group>"; };
		959A5A2120DA44420097F0C1 /* UIButton+SCFImagePosition.h */ = {isa = PBXFileReference; lastKnownFileType = sourcecode.c.h; path = "UIButton+SCFImagePosition.h"; sourceTree = "<group>"; };
		959A5A2220DA44420097F0C1 /* UIButton+SCFImagePosition.m */ = {isa = PBXFileReference; lastKnownFileType = sourcecode.c.objc; path = "UIButton+SCFImagePosition.m"; sourceTree = "<group>"; };
		959A5A2620DA502F0097F0C1 /* UIButton+SCFIndicator.h */ = {isa = PBXFileReference; lastKnownFileType = sourcecode.c.h; path = "UIButton+SCFIndicator.h"; sourceTree = "<group>"; };
		959A5A2720DA502F0097F0C1 /* UIButton+SCFIndicator.m */ = {isa = PBXFileReference; lastKnownFileType = sourcecode.c.objc; path = "UIButton+SCFIndicator.m"; sourceTree = "<group>"; };
		959A5A2A20DA5ADC0097F0C1 /* UIColor+SCFGradient.h */ = {isa = PBXFileReference; lastKnownFileType = sourcecode.c.h; path = "UIColor+SCFGradient.h"; sourceTree = "<group>"; };
		959A5A2B20DA5ADC0097F0C1 /* UIColor+SCFGradient.m */ = {isa = PBXFileReference; lastKnownFileType = sourcecode.c.objc; path = "UIColor+SCFGradient.m"; sourceTree = "<group>"; };
		959A5A2D20DA61230097F0C1 /* UIColor+SCFHexadecimal.h */ = {isa = PBXFileReference; lastKnownFileType = sourcecode.c.h; path = "UIColor+SCFHexadecimal.h"; sourceTree = "<group>"; };
		959A5A2E20DA61230097F0C1 /* UIColor+SCFHexadecimal.m */ = {isa = PBXFileReference; lastKnownFileType = sourcecode.c.objc; path = "UIColor+SCFHexadecimal.m"; sourceTree = "<group>"; };
		959A5A3020DB39450097F0C1 /* UIColor+SCFModify.h */ = {isa = PBXFileReference; lastKnownFileType = sourcecode.c.h; path = "UIColor+SCFModify.h"; sourceTree = "<group>"; };
		959A5A3120DB39450097F0C1 /* UIColor+SCFModify.m */ = {isa = PBXFileReference; lastKnownFileType = sourcecode.c.objc; path = "UIColor+SCFModify.m"; sourceTree = "<group>"; };
		959A5A3320DB405B0097F0C1 /* UIColor+SCFRandom.h */ = {isa = PBXFileReference; lastKnownFileType = sourcecode.c.h; path = "UIColor+SCFRandom.h"; sourceTree = "<group>"; };
		959A5A3420DB405B0097F0C1 /* UIColor+SCFRandom.m */ = {isa = PBXFileReference; lastKnownFileType = sourcecode.c.objc; path = "UIColor+SCFRandom.m"; sourceTree = "<group>"; };
		959A5A3720DB4AFE0097F0C1 /* UIImage+SCFAlpha.h */ = {isa = PBXFileReference; lastKnownFileType = sourcecode.c.h; path = "UIImage+SCFAlpha.h"; sourceTree = "<group>"; };
		959A5A3820DB4AFE0097F0C1 /* UIImage+SCFAlpha.m */ = {isa = PBXFileReference; lastKnownFileType = sourcecode.c.objc; path = "UIImage+SCFAlpha.m"; sourceTree = "<group>"; };
		959A5A3A20DB7D300097F0C1 /* UIImage+SCFAnimatedGIF.h */ = {isa = PBXFileReference; lastKnownFileType = sourcecode.c.h; path = "UIImage+SCFAnimatedGIF.h"; sourceTree = "<group>"; };
		959A5A3B20DB7D300097F0C1 /* UIImage+SCFAnimatedGIF.m */ = {isa = PBXFileReference; lastKnownFileType = sourcecode.c.objc; path = "UIImage+SCFAnimatedGIF.m"; sourceTree = "<group>"; };
		959A5A3D20DBBD000097F0C1 /* UIImage+SCFCapture.h */ = {isa = PBXFileReference; lastKnownFileType = sourcecode.c.h; path = "UIImage+SCFCapture.h"; sourceTree = "<group>"; };
		959A5A3E20DBBD000097F0C1 /* UIImage+SCFCapture.m */ = {isa = PBXFileReference; lastKnownFileType = sourcecode.c.objc; path = "UIImage+SCFCapture.m"; sourceTree = "<group>"; };
		959A5A4020DC8FBB0097F0C1 /* UIImage+SCFColor.h */ = {isa = PBXFileReference; lastKnownFileType = sourcecode.c.h; path = "UIImage+SCFColor.h"; sourceTree = "<group>"; };
		959A5A4120DC8FBB0097F0C1 /* UIImage+SCFColor.m */ = {isa = PBXFileReference; lastKnownFileType = sourcecode.c.objc; path = "UIImage+SCFColor.m"; sourceTree = "<group>"; };
		959A5A4320DCA1FD0097F0C1 /* UIImage+SCFScale.h */ = {isa = PBXFileReference; lastKnownFileType = sourcecode.c.h; path = "UIImage+SCFScale.h"; sourceTree = "<group>"; };
		959A5A4420DCA1FD0097F0C1 /* UIImage+SCFScale.m */ = {isa = PBXFileReference; lastKnownFileType = sourcecode.c.objc; path = "UIImage+SCFScale.m"; sourceTree = "<group>"; };
		959A5A4620DCDF130097F0C1 /* UIImage+SCFFileName.h */ = {isa = PBXFileReference; lastKnownFileType = sourcecode.c.h; path = "UIImage+SCFFileName.h"; sourceTree = "<group>"; };
		959A5A4720DCDF130097F0C1 /* UIImage+SCFFileName.m */ = {isa = PBXFileReference; lastKnownFileType = sourcecode.c.objc; path = "UIImage+SCFFileName.m"; sourceTree = "<group>"; };
		959A5A4920DCF8C60097F0C1 /* UIImage+SCFMerge.h */ = {isa = PBXFileReference; lastKnownFileType = sourcecode.c.h; path = "UIImage+SCFMerge.h"; sourceTree = "<group>"; };
		959A5A4A20DCF8C60097F0C1 /* UIImage+SCFMerge.m */ = {isa = PBXFileReference; lastKnownFileType = sourcecode.c.objc; path = "UIImage+SCFMerge.m"; sourceTree = "<group>"; };
		959A5A4C20E081D30097F0C1 /* UIImage+SCFOrientation.h */ = {isa = PBXFileReference; lastKnownFileType = sourcecode.c.h; path = "UIImage+SCFOrientation.h"; sourceTree = "<group>"; };
		959A5A4D20E081D30097F0C1 /* UIImage+SCFOrientation.m */ = {isa = PBXFileReference; lastKnownFileType = sourcecode.c.objc; path = "UIImage+SCFOrientation.m"; sourceTree = "<group>"; };
		959A5A4F20E0CA380097F0C1 /* UIImage+SCFRoundedCorner.h */ = {isa = PBXFileReference; lastKnownFileType = sourcecode.c.h; path = "UIImage+SCFRoundedCorner.h"; sourceTree = "<group>"; };
		959A5A5020E0CA380097F0C1 /* UIImage+SCFRoundedCorner.m */ = {isa = PBXFileReference; lastKnownFileType = sourcecode.c.objc; path = "UIImage+SCFRoundedCorner.m"; sourceTree = "<group>"; };
		959A5A5220E0D5030097F0C1 /* UIImage+SCFResize.h */ = {isa = PBXFileReference; lastKnownFileType = sourcecode.c.h; path = "UIImage+SCFResize.h"; sourceTree = "<group>"; };
		959A5A5320E0D5030097F0C1 /* UIImage+SCFResize.m */ = {isa = PBXFileReference; lastKnownFileType = sourcecode.c.objc; path = "UIImage+SCFResize.m"; sourceTree = "<group>"; };
		959A5A5620E0F75A0097F0C1 /* UIImageView+SCFAddition.h */ = {isa = PBXFileReference; lastKnownFileType = sourcecode.c.h; path = "UIImageView+SCFAddition.h"; sourceTree = "<group>"; };
		959A5A5720E0F75A0097F0C1 /* UIImageView+SCFAddition.m */ = {isa = PBXFileReference; lastKnownFileType = sourcecode.c.objc; path = "UIImageView+SCFAddition.m"; sourceTree = "<group>"; };
/* End PBXFileReference section */

/* Begin PBXFrameworksBuildPhase section */
		959A59EA20D8E7830097F0C1 /* Frameworks */ = {
			isa = PBXFrameworksBuildPhase;
			buildActionMask = 2147483647;
			files = (
			);
			runOnlyForDeploymentPostprocessing = 0;
		};
/* End PBXFrameworksBuildPhase section */

/* Begin PBXGroup section */
		9506891320E2460B009C2EE7 /* UILabel */ = {
			isa = PBXGroup;
			children = (
				9506891420E24622009C2EE7 /* UILabel+SCFAutoSize.h */,
				9506891520E24622009C2EE7 /* UILabel+SCFAutoSize.m */,
				9506891720E31D30009C2EE7 /* UILabel+SCFAutomaticWriting.h */,
				9506891820E31D30009C2EE7 /* UILabel+SCFAutomaticWriting.m */,
			);
			path = UILabel;
			sourceTree = "<group>";
		};
		9506891A20E360EA009C2EE7 /* UINavigationController */ = {
			isa = PBXGroup;
			children = (
				9506891B20E3610C009C2EE7 /* UINavigationController+SCFStackManager.h */,
				9506891C20E3610C009C2EE7 /* UINavigationController+SCFStackManager.m */,
				9506891E20E3657B009C2EE7 /* UINavigationController+SCFAnimationTransition.h */,
				9506891F20E3657B009C2EE7 /* UINavigationController+SCFAnimationTransition.m */,
			);
			path = UINavigationController;
			sourceTree = "<group>";
		};
		9506892120E36E3F009C2EE7 /* UIScreen */ = {
			isa = PBXGroup;
			children = (
				9506892220E36E55009C2EE7 /* UIScreen+SCFFrame.h */,
				9506892320E36E55009C2EE7 /* UIScreen+SCFFrame.m */,
			);
			path = UIScreen;
			sourceTree = "<group>";
		};
		9506892520E376B9009C2EE7 /* UIScrollView */ = {
			isa = PBXGroup;
			children = (
				9506892620E376DB009C2EE7 /* UIScrollView+SCFAddition.h */,
				9506892720E376DB009C2EE7 /* UIScrollView+SCFAddition.m */,
				9506892920E48BAD009C2EE7 /* UIScrollView+SCFPages.h */,
				9506892A20E48BAD009C2EE7 /* UIScrollView+SCFPages.m */,
			);
			path = UIScrollView;
			sourceTree = "<group>";
		};
		9506892C20E4B305009C2EE7 /* UITextField */ = {
			isa = PBXGroup;
			children = (
				9506892D20E4B329009C2EE7 /* UITextField+SCFHistory.h */,
				9506892E20E4B329009C2EE7 /* UITextField+SCFHistory.m */,
				9506893020E4BFF7009C2EE7 /* UITextField+SCFSelect.h */,
				9506893120E4BFF7009C2EE7 /* UITextField+SCFSelect.m */,
				9506893320E4C528009C2EE7 /* UITextField+SCFShake.h */,
				9506893420E4C528009C2EE7 /* UITextField+SCFShake.m */,
				9506893620E5D8D9009C2EE7 /* UITextField+SCFInputLimit.h */,
				9506893720E5D8D9009C2EE7 /* UITextField+SCFInputLimit.m */,
			);
			path = UITextField;
			sourceTree = "<group>";
		};
		9506893920E5DDBC009C2EE7 /* UITextView */ = {
			isa = PBXGroup;
			children = (
				9506893A20E5DDD6009C2EE7 /* UITextView+SCFInputLimit.h */,
				9506893B20E5DDD6009C2EE7 /* UITextView+SCFInputLimit.m */,
				9506893D20E5E1D3009C2EE7 /* UITextView+SCFPinchZoom.h */,
				9506893E20E5E1D3009C2EE7 /* UITextView+SCFPinchZoom.m */,
				9506894020E60343009C2EE7 /* UITextView+SCFPlaceHolder.h */,
				9506894120E60343009C2EE7 /* UITextView+SCFPlaceHolder.m */,
				9506894320E60922009C2EE7 /* UITextView+SCFSelect.h */,
				9506894420E60922009C2EE7 /* UITextView+SCFSelect.m */,
			);
			path = UITextView;
			sourceTree = "<group>";
		};
		9506894620E60B83009C2EE7 /* UIView */ = {
			isa = PBXGroup;
			children = (
				9506894720E61820009C2EE7 /* UIView+SCFFrame.h */,
				9506894820E61820009C2EE7 /* UIView+SCFFrame.m */,
				9506894A20E624C1009C2EE7 /* UIView+SCFShake.h */,
				9506894B20E624C1009C2EE7 /* UIView+SCFShake.m */,
				9506894D20E6277B009C2EE7 /* UIView+SCFVisuals.h */,
				9506894E20E6277B009C2EE7 /* UIView+SCFVisuals.m */,
				9506895020E9FD1B009C2EE7 /* UIView+SCFFindOwnController.h */,
				9506895120E9FD1B009C2EE7 /* UIView+SCFFindOwnController.m */,
			);
			path = UIView;
			sourceTree = "<group>";
		};
		9506895320EA0323009C2EE7 /* UIViewController */ = {
			isa = PBXGroup;
			children = (
				9506895420EA033F009C2EE7 /* UIViewController+SCFStoreKit.h */,
				9506895520EA033F009C2EE7 /* UIViewController+SCFStoreKit.m */,
			);
			path = UIViewController;
			sourceTree = "<group>";
		};
		9506895720EA1B7D009C2EE7 /* UIWebView */ = {
			isa = PBXGroup;
			children = (
				9506895820EA1B97009C2EE7 /* UIWebView+SCFSwipeGesture.h */,
				9506895920EA1B97009C2EE7 /* UIWebView+SCFSwipeGesture.m */,
				9506895B20EA1F30009C2EE7 /* UIWebView+SCFCanvas.h */,
				9506895C20EA1F30009C2EE7 /* UIWebView+SCFCanvas.m */,
				9506896120EB67CC009C2EE7 /* UIWebView+SCFJavaScript.h */,
				9506896220EB67CC009C2EE7 /* UIWebView+SCFJavaScript.m */,
				9506896420EB6C82009C2EE7 /* UIWebView+SCFStyle.h */,
				9506896520EB6C82009C2EE7 /* UIWebView+SCFStyle.m */,
				9506896720EB6E72009C2EE7 /* UIWebView+SCFWebStorage.h */,
				9506896820EB6E72009C2EE7 /* UIWebView+SCFWebStorage.m */,
			);
			path = UIWebView;
			sourceTree = "<group>";
		};
		9506896A20EB6FC3009C2EE7 /* UIWindow */ = {
			isa = PBXGroup;
			children = (
				9506896B20EB6FE7009C2EE7 /* UIWindow+SCFHierarchy.h */,
				9506896C20EB6FE7009C2EE7 /* UIWindow+SCFHierarchy.m */,
			);
			path = UIWindow;
			sourceTree = "<group>";
		};
		9506896E20EB7667009C2EE7 /* NSDate */ = {
			isa = PBXGroup;
			children = (
				9506896F20EB7689009C2EE7 /* NSDate+SCFExtension.h */,
				9506897020EB7689009C2EE7 /* NSDate+SCFExtension.m */,
				9506897220EB783B009C2EE7 /* NSDate+SCFFormatter.h */,
				9506897320EB783B009C2EE7 /* NSDate+SCFFormatter.m */,
				9506897520EB7B62009C2EE7 /* NSDate+SCFHelper.h */,
				9506897620EB7B62009C2EE7 /* NSDate+SCFHelper.m */,
				9506897820EB7D84009C2EE7 /* NSDate+SCFInternetDateTime.h */,
				9506897920EB7D84009C2EE7 /* NSDate+SCFInternetDateTime.m */,
				9506897B20EB7F4C009C2EE7 /* NSDate+SCFReporting.h */,
				9506897C20EB7F4C009C2EE7 /* NSDate+SCFReporting.m */,
			);
			path = NSDate;
			sourceTree = "<group>";
		};
		9506898120EB8541009C2EE7 /* NSString */ = {
			isa = PBXGroup;
			children = (
				9506897E20EB8534009C2EE7 /* NSMutableAttributedString+SCFAttributedString.h */,
				9506897F20EB8534009C2EE7 /* NSMutableAttributedString+SCFAttributedString.m */,
				9506898220EC7D2D009C2EE7 /* NSString+SCFHash.h */,
				9506898320EC7D2D009C2EE7 /* NSString+SCFHash.m */,
				9506898520ECA9F1009C2EE7 /* NSString+SCFMD5.h */,
				9506898620ECA9F1009C2EE7 /* NSString+SCFMD5.m */,
				9506898820ECB104009C2EE7 /* NSString+SCFBase64.h */,
				9506898920ECB104009C2EE7 /* NSString+SCFBase64.m */,
				9506898B20ECC621009C2EE7 /* NSString+SCFRegex.h */,
				9506898C20ECC621009C2EE7 /* NSString+SCFRegex.m */,
				9506898E20ECCC25009C2EE7 /* NSString+SCFString.h */,
				9506898F20ECCC25009C2EE7 /* NSString+SCFString.m */,
				9506899120ECD141009C2EE7 /* NSString+SCFPinYin.h */,
				9506899220ECD141009C2EE7 /* NSString+SCFPinYin.m */,
				9506899420EDB04B009C2EE7 /* NSString+SCFSize.h */,
				9506899520EDB04B009C2EE7 /* NSString+SCFSize.m */,
				9506899720EDF3DB009C2EE7 /* NSString+SCFPages.h */,
				9506899820EDF3DB009C2EE7 /* NSString+SCFPages.m */,
				9506899A20EDFE19009C2EE7 /* NSString+SCFTrimming.h */,
				9506899B20EDFE19009C2EE7 /* NSString+SCFTrimming.m */,
			);
			path = NSString;
			sourceTree = "<group>";
		};
		9506899D20EE0820009C2EE7 /* NSDictionary */ = {
			isa = PBXGroup;
			children = (
				9506899E20EE0873009C2EE7 /* NSDictionary+SCFValue.h */,
				9506899F20EE0874009C2EE7 /* NSDictionary+SCFValue.m */,
				950689A120EE2465009C2EE7 /* NSDictionary+SCFMerge.h */,
				950689A220EE2465009C2EE7 /* NSDictionary+SCFMerge.m */,
			);
			path = NSDictionary;
			sourceTree = "<group>";
		};
		959A59E420D8E7830097F0C1 = {
			isa = PBXGroup;
			children = (
				959A59EF20D8E7830097F0C1 /* SCFCommonTools */,
				959A59EE20D8E7830097F0C1 /* Products */,
			);
			sourceTree = "<group>";
		};
		959A59EE20D8E7830097F0C1 /* Products */ = {
			isa = PBXGroup;
			children = (
				959A59ED20D8E7830097F0C1 /* SCFCommonTools.app */,
			);
			name = Products;
			sourceTree = "<group>";
		};
		959A59EF20D8E7830097F0C1 /* SCFCommonTools */ = {
			isa = PBXGroup;
			children = (
				959A5A0620D8E9980097F0C1 /* Categories */,
				959A5A0720D8E9980097F0C1 /* Utils */,
				959A59F020D8E7830097F0C1 /* AppDelegate.h */,
				959A59F120D8E7830097F0C1 /* AppDelegate.m */,
				959A59F320D8E7830097F0C1 /* ViewController.h */,
				959A59F420D8E7830097F0C1 /* ViewController.m */,
				959A59F620D8E7830097F0C1 /* Main.storyboard */,
				959A59F920D8E7840097F0C1 /* Assets.xcassets */,
				959A59FB20D8E7840097F0C1 /* LaunchScreen.storyboard */,
				959A59FE20D8E7840097F0C1 /* Info.plist */,
				959A59FF20D8E7840097F0C1 /* main.m */,
			);
			path = SCFCommonTools;
			sourceTree = "<group>";
		};
		959A5A0620D8E9980097F0C1 /* Categories */ = {
			isa = PBXGroup;
			children = (
				9506899D20EE0820009C2EE7 /* NSDictionary */,
				9506898120EB8541009C2EE7 /* NSString */,
				9506896E20EB7667009C2EE7 /* NSDate */,
				9506896A20EB6FC3009C2EE7 /* UIWindow */,
				9506895720EA1B7D009C2EE7 /* UIWebView */,
				9506895320EA0323009C2EE7 /* UIViewController */,
				9506894620E60B83009C2EE7 /* UIView */,
				9506893920E5DDBC009C2EE7 /* UITextView */,
				9506892C20E4B305009C2EE7 /* UITextField */,
				9506892520E376B9009C2EE7 /* UIScrollView */,
				9506892120E36E3F009C2EE7 /* UIScreen */,
				9506891A20E360EA009C2EE7 /* UINavigationController */,
				9506891320E2460B009C2EE7 /* UILabel */,
				959A5A5520E0F7010097F0C1 /* UIImageView */,
				959A5A3620DB4ABD0097F0C1 /* UIImage */,
				959A5A2920DA5ABA0097F0C1 /* UIColor */,
				959A5A1720DA34DA0097F0C1 /* UIButton */,
				959A5A0820D8F58B0097F0C1 /* UIBarButtonItem */,
			);
			path = Categories;
			sourceTree = "<group>";
		};
		959A5A0720D8E9980097F0C1 /* Utils */ = {
			isa = PBXGroup;
			children = (
			);
			path = Utils;
			sourceTree = "<group>";
		};
		959A5A0820D8F58B0097F0C1 /* UIBarButtonItem */ = {
			isa = PBXGroup;
			children = (
				959A5A0920D8F5E00097F0C1 /* UIBarButtonItem+SCFBadge.h */,
				959A5A0A20D8F5E00097F0C1 /* UIBarButtonItem+SCFBadge.m */,
			);
			path = UIBarButtonItem;
			sourceTree = "<group>";
		};
		959A5A1720DA34DA0097F0C1 /* UIButton */ = {
			isa = PBXGroup;
			children = (
				959A5A1820DA34FA0097F0C1 /* UIButton+SCFBadge.h */,
				959A5A1920DA34FA0097F0C1 /* UIButton+SCFBadge.m */,
				959A5A1B20DA38350097F0C1 /* UIButton+SCFBackgroundImage.h */,
				959A5A1C20DA38350097F0C1 /* UIButton+SCFBackgroundImage.m */,
				959A5A1E20DA3F010097F0C1 /* UIButton+SCFCountDown.h */,
				959A5A1F20DA3F010097F0C1 /* UIButton+SCFCountDown.m */,
				959A5A2120DA44420097F0C1 /* UIButton+SCFImagePosition.h */,
				959A5A2220DA44420097F0C1 /* UIButton+SCFImagePosition.m */,
				959A5A2620DA502F0097F0C1 /* UIButton+SCFIndicator.h */,
				959A5A2720DA502F0097F0C1 /* UIButton+SCFIndicator.m */,
			);
			path = UIButton;
			sourceTree = "<group>";
		};
		959A5A2920DA5ABA0097F0C1 /* UIColor */ = {
			isa = PBXGroup;
			children = (
				959A5A2A20DA5ADC0097F0C1 /* UIColor+SCFGradient.h */,
				959A5A2B20DA5ADC0097F0C1 /* UIColor+SCFGradient.m */,
				959A5A2D20DA61230097F0C1 /* UIColor+SCFHexadecimal.h */,
				959A5A2E20DA61230097F0C1 /* UIColor+SCFHexadecimal.m */,
				959A5A3020DB39450097F0C1 /* UIColor+SCFModify.h */,
				959A5A3120DB39450097F0C1 /* UIColor+SCFModify.m */,
				959A5A3320DB405B0097F0C1 /* UIColor+SCFRandom.h */,
				959A5A3420DB405B0097F0C1 /* UIColor+SCFRandom.m */,
				9506895E20EB5D36009C2EE7 /* UIColor+SCFWeb.h */,
				9506895F20EB5D36009C2EE7 /* UIColor+SCFWeb.m */,
			);
			path = UIColor;
			sourceTree = "<group>";
		};
		959A5A3620DB4ABD0097F0C1 /* UIImage */ = {
			isa = PBXGroup;
			children = (
				959A5A3720DB4AFE0097F0C1 /* UIImage+SCFAlpha.h */,
				959A5A3820DB4AFE0097F0C1 /* UIImage+SCFAlpha.m */,
				959A5A3A20DB7D300097F0C1 /* UIImage+SCFAnimatedGIF.h */,
				959A5A3B20DB7D300097F0C1 /* UIImage+SCFAnimatedGIF.m */,
				959A5A3D20DBBD000097F0C1 /* UIImage+SCFCapture.h */,
				959A5A3E20DBBD000097F0C1 /* UIImage+SCFCapture.m */,
				959A5A4020DC8FBB0097F0C1 /* UIImage+SCFColor.h */,
				959A5A4120DC8FBB0097F0C1 /* UIImage+SCFColor.m */,
				959A5A4320DCA1FD0097F0C1 /* UIImage+SCFScale.h */,
				959A5A4420DCA1FD0097F0C1 /* UIImage+SCFScale.m */,
				959A5A4620DCDF130097F0C1 /* UIImage+SCFFileName.h */,
				959A5A4720DCDF130097F0C1 /* UIImage+SCFFileName.m */,
				959A5A4920DCF8C60097F0C1 /* UIImage+SCFMerge.h */,
				959A5A4A20DCF8C60097F0C1 /* UIImage+SCFMerge.m */,
				959A5A4C20E081D30097F0C1 /* UIImage+SCFOrientation.h */,
				959A5A4D20E081D30097F0C1 /* UIImage+SCFOrientation.m */,
				959A5A4F20E0CA380097F0C1 /* UIImage+SCFRoundedCorner.h */,
				959A5A5020E0CA380097F0C1 /* UIImage+SCFRoundedCorner.m */,
				959A5A5220E0D5030097F0C1 /* UIImage+SCFResize.h */,
				959A5A5320E0D5030097F0C1 /* UIImage+SCFResize.m */,
			);
			path = UIImage;
			sourceTree = "<group>";
		};
		959A5A5520E0F7010097F0C1 /* UIImageView */ = {
			isa = PBXGroup;
			children = (
				959A5A5620E0F75A0097F0C1 /* UIImageView+SCFAddition.h */,
				959A5A5720E0F75A0097F0C1 /* UIImageView+SCFAddition.m */,
				9506890A20E214CA009C2EE7 /* UIImageView+SCFBetterFace.h */,
				9506890B20E214CA009C2EE7 /* UIImageView+SCFBetterFace.m */,
				9506890D20E22490009C2EE7 /* UIImageView+SCFFaceAwareFill.h */,
				9506890E20E22490009C2EE7 /* UIImageView+SCFFaceAwareFill.m */,
				9506891020E23C8D009C2EE7 /* UIImageView+SCFReflect.h */,
				9506891120E23C8D009C2EE7 /* UIImageView+SCFReflect.m */,
			);
			path = UIImageView;
			sourceTree = "<group>";
		};
/* End PBXGroup section */

/* Begin PBXNativeTarget section */
		959A59EC20D8E7830097F0C1 /* SCFCommonTools */ = {
			isa = PBXNativeTarget;
			buildConfigurationList = 959A5A0320D8E7840097F0C1 /* Build configuration list for PBXNativeTarget "SCFCommonTools" */;
			buildPhases = (
				959A59E920D8E7830097F0C1 /* Sources */,
				959A59EA20D8E7830097F0C1 /* Frameworks */,
				959A59EB20D8E7830097F0C1 /* Resources */,
			);
			buildRules = (
			);
			dependencies = (
			);
			name = SCFCommonTools;
			productName = SCFCommonTools;
			productReference = 959A59ED20D8E7830097F0C1 /* SCFCommonTools.app */;
			productType = "com.apple.product-type.application";
		};
/* End PBXNativeTarget section */

/* Begin PBXProject section */
		959A59E520D8E7830097F0C1 /* Project object */ = {
			isa = PBXProject;
			attributes = {
				CLASSPREFIX = SCF;
				LastUpgradeCheck = 0930;
				ORGANIZATIONNAME = scf;
				TargetAttributes = {
					959A59EC20D8E7830097F0C1 = {
						CreatedOnToolsVersion = 9.3;
					};
				};
			};
			buildConfigurationList = 959A59E820D8E7830097F0C1 /* Build configuration list for PBXProject "SCFCommonTools" */;
			compatibilityVersion = "Xcode 9.3";
			developmentRegion = en;
			hasScannedForEncodings = 0;
			knownRegions = (
				en,
				Base,
			);
			mainGroup = 959A59E420D8E7830097F0C1;
			productRefGroup = 959A59EE20D8E7830097F0C1 /* Products */;
			projectDirPath = "";
			projectRoot = "";
			targets = (
				959A59EC20D8E7830097F0C1 /* SCFCommonTools */,
			);
		};
/* End PBXProject section */

/* Begin PBXResourcesBuildPhase section */
		959A59EB20D8E7830097F0C1 /* Resources */ = {
			isa = PBXResourcesBuildPhase;
			buildActionMask = 2147483647;
			files = (
				959A59FD20D8E7840097F0C1 /* LaunchScreen.storyboard in Resources */,
				959A59FA20D8E7840097F0C1 /* Assets.xcassets in Resources */,
				959A59F820D8E7830097F0C1 /* Main.storyboard in Resources */,
			);
			runOnlyForDeploymentPostprocessing = 0;
		};
/* End PBXResourcesBuildPhase section */

/* Begin PBXSourcesBuildPhase section */
		959A59E920D8E7830097F0C1 /* Sources */ = {
			isa = PBXSourcesBuildPhase;
			buildActionMask = 2147483647;
			files = (
				959A5A3C20DB7D300097F0C1 /* UIImage+SCFAnimatedGIF.m in Sources */,
				9506890C20E214CA009C2EE7 /* UIImageView+SCFBetterFace.m in Sources */,
				9506891220E23C8D009C2EE7 /* UIImageView+SCFReflect.m in Sources */,
				9506896020EB5D36009C2EE7 /* UIColor+SCFWeb.m in Sources */,
				959A5A5420E0D5030097F0C1 /* UIImage+SCFResize.m in Sources */,
				9506892820E376DB009C2EE7 /* UIScrollView+SCFAddition.m in Sources */,
				9506892B20E48BAD009C2EE7 /* UIScrollView+SCFPages.m in Sources */,
				9506896320EB67CC009C2EE7 /* UIWebView+SCFJavaScript.m in Sources */,
				9506898D20ECC621009C2EE7 /* NSString+SCFRegex.m in Sources */,
				9506899320ECD141009C2EE7 /* NSString+SCFPinYin.m in Sources */,
				9506895620EA033F009C2EE7 /* UIViewController+SCFStoreKit.m in Sources */,
				9506898720ECA9F1009C2EE7 /* NSString+SCFMD5.m in Sources */,
				9506896920EB6E72009C2EE7 /* UIWebView+SCFWebStorage.m in Sources */,
				959A5A4520DCA1FD0097F0C1 /* UIImage+SCFScale.m in Sources */,
				9506895220E9FD1B009C2EE7 /* UIView+SCFFindOwnController.m in Sources */,
				9506891620E24622009C2EE7 /* UILabel+SCFAutoSize.m in Sources */,
				9506897120EB7689009C2EE7 /* NSDate+SCFExtension.m in Sources */,
				9506893220E4BFF7009C2EE7 /* UITextField+SCFSelect.m in Sources */,
				9506895A20EA1B97009C2EE7 /* UIWebView+SCFSwipeGesture.m in Sources */,
				9506896620EB6C82009C2EE7 /* UIWebView+SCFStyle.m in Sources */,
				959A5A5820E0F75A0097F0C1 /* UIImageView+SCFAddition.m in Sources */,
				959A5A4E20E081D30097F0C1 /* UIImage+SCFOrientation.m in Sources */,
				959A59F520D8E7830097F0C1 /* ViewController.m in Sources */,
				9506898420EC7D2D009C2EE7 /* NSString+SCFHash.m in Sources */,
				9506894C20E624C1009C2EE7 /* UIView+SCFShake.m in Sources */,
				959A5A1A20DA34FA0097F0C1 /* UIButton+SCFBadge.m in Sources */,
				9506890F20E22490009C2EE7 /* UIImageView+SCFFaceAwareFill.m in Sources */,
				959A5A0B20D8F5E00097F0C1 /* UIBarButtonItem+SCFBadge.m in Sources */,
				959A5A3920DB4AFE0097F0C1 /* UIImage+SCFAlpha.m in Sources */,
				9506897A20EB7D84009C2EE7 /* NSDate+SCFInternetDateTime.m in Sources */,
				9506897720EB7B62009C2EE7 /* NSDate+SCFHelper.m in Sources */,
				959A5A0020D8E7840097F0C1 /* main.m in Sources */,
				959A5A2C20DA5ADC0097F0C1 /* UIColor+SCFGradient.m in Sources */,
				959A5A1D20DA38350097F0C1 /* UIButton+SCFBackgroundImage.m in Sources */,
				959A5A3220DB39450097F0C1 /* UIColor+SCFModify.m in Sources */,
				9506897D20EB7F4C009C2EE7 /* NSDate+SCFReporting.m in Sources */,
				950689A020EE0874009C2EE7 /* NSDictionary+SCFValue.m in Sources */,
				9506894F20E6277B009C2EE7 /* UIView+SCFVisuals.m in Sources */,
				9506893C20E5DDD6009C2EE7 /* UITextView+SCFInputLimit.m in Sources */,
				9506898A20ECB104009C2EE7 /* NSString+SCFBase64.m in Sources */,
				9506892F20E4B329009C2EE7 /* UITextField+SCFHistory.m in Sources */,
				9506895D20EA1F30009C2EE7 /* UIWebView+SCFCanvas.m in Sources */,
				9506899020ECCC25009C2EE7 /* NSString+SCFString.m in Sources */,
				959A5A4820DCDF130097F0C1 /* UIImage+SCFFileName.m in Sources */,
				959A5A2020DA3F010097F0C1 /* UIButton+SCFCountDown.m in Sources */,
				950689A320EE2465009C2EE7 /* NSDictionary+SCFMerge.m in Sources */,
				9506893F20E5E1D3009C2EE7 /* UITextView+SCFPinchZoom.m in Sources */,
				9506893520E4C528009C2EE7 /* UITextField+SCFShake.m in Sources */,
				959A5A2F20DA61230097F0C1 /* UIColor+SCFHexadecimal.m in Sources */,
				9506892020E3657B009C2EE7 /* UINavigationController+SCFAnimationTransition.m in Sources */,
				9506894920E61820009C2EE7 /* UIView+SCFFrame.m in Sources */,
				959A5A4220DC8FBB0097F0C1 /* UIImage+SCFColor.m in Sources */,
				9506891D20E3610C009C2EE7 /* UINavigationController+SCFStackManager.m in Sources */,
				959A5A3F20DBBD000097F0C1 /* UIImage+SCFCapture.m in Sources */,
				9506899620EDB04B009C2EE7 /* NSString+SCFSize.m in Sources */,
				959A5A3520DB405B0097F0C1 /* UIColor+SCFRandom.m in Sources */,
				9506894520E60922009C2EE7 /* UITextView+SCFSelect.m in Sources */,
				959A59F220D8E7830097F0C1 /* AppDelegate.m in Sources */,
				959A5A4B20DCF8C60097F0C1 /* UIImage+SCFMerge.m in Sources */,
				9506898020EB8534009C2EE7 /* NSMutableAttributedString+SCFAttributedString.m in Sources */,
				959A5A2320DA44420097F0C1 /* UIButton+SCFImagePosition.m in Sources */,
				959A5A2820DA502F0097F0C1 /* UIButton+SCFIndicator.m in Sources */,
				9506891920E31D30009C2EE7 /* UILabel+SCFAutomaticWriting.m in Sources */,
				9506899920EDF3DB009C2EE7 /* NSString+SCFPages.m in Sources */,
				9506897420EB783B009C2EE7 /* NSDate+SCFFormatter.m in Sources */,
				9506894220E60343009C2EE7 /* UITextView+SCFPlaceHolder.m in Sources */,
				9506896D20EB6FE7009C2EE7 /* UIWindow+SCFHierarchy.m in Sources */,
				9506893820E5D8D9009C2EE7 /* UITextField+SCFInputLimit.m in Sources */,
				9506899C20EDFE19009C2EE7 /* NSString+SCFTrimming.m in Sources */,
				9506892420E36E55009C2EE7 /* UIScreen+SCFFrame.m in Sources */,
				959A5A5120E0CA380097F0C1 /* UIImage+SCFRoundedCorner.m in Sources */,
			);
			runOnlyForDeploymentPostprocessing = 0;
		};
/* End PBXSourcesBuildPhase section */

/* Begin PBXVariantGroup section */
		959A59F620D8E7830097F0C1 /* Main.storyboard */ = {
			isa = PBXVariantGroup;
			children = (
				959A59F720D8E7830097F0C1 /* Base */,
			);
			name = Main.storyboard;
			sourceTree = "<group>";
		};
		959A59FB20D8E7840097F0C1 /* LaunchScreen.storyboard */ = {
			isa = PBXVariantGroup;
			children = (
				959A59FC20D8E7840097F0C1 /* Base */,
			);
			name = LaunchScreen.storyboard;
			sourceTree = "<group>";
		};
/* End PBXVariantGroup section */

/* Begin XCBuildConfiguration section */
		959A5A0120D8E7840097F0C1 /* Debug */ = {
			isa = XCBuildConfiguration;
			buildSettings = {
				ALWAYS_SEARCH_USER_PATHS = NO;
				CLANG_ANALYZER_NONNULL = YES;
				CLANG_ANALYZER_NUMBER_OBJECT_CONVERSION = YES_AGGRESSIVE;
				CLANG_CXX_LANGUAGE_STANDARD = "gnu++14";
				CLANG_CXX_LIBRARY = "libc++";
				CLANG_ENABLE_MODULES = YES;
				CLANG_ENABLE_OBJC_ARC = YES;
				CLANG_ENABLE_OBJC_WEAK = YES;
				CLANG_WARN_BLOCK_CAPTURE_AUTORELEASING = YES;
				CLANG_WARN_BOOL_CONVERSION = YES;
				CLANG_WARN_COMMA = YES;
				CLANG_WARN_CONSTANT_CONVERSION = YES;
				CLANG_WARN_DEPRECATED_OBJC_IMPLEMENTATIONS = YES;
				CLANG_WARN_DIRECT_OBJC_ISA_USAGE = YES_ERROR;
				CLANG_WARN_DOCUMENTATION_COMMENTS = YES;
				CLANG_WARN_EMPTY_BODY = YES;
				CLANG_WARN_ENUM_CONVERSION = YES;
				CLANG_WARN_INFINITE_RECURSION = YES;
				CLANG_WARN_INT_CONVERSION = YES;
				CLANG_WARN_NON_LITERAL_NULL_CONVERSION = YES;
				CLANG_WARN_OBJC_IMPLICIT_RETAIN_SELF = YES;
				CLANG_WARN_OBJC_LITERAL_CONVERSION = YES;
				CLANG_WARN_OBJC_ROOT_CLASS = YES_ERROR;
				CLANG_WARN_RANGE_LOOP_ANALYSIS = YES;
				CLANG_WARN_STRICT_PROTOTYPES = YES;
				CLANG_WARN_SUSPICIOUS_MOVE = YES;
				CLANG_WARN_UNGUARDED_AVAILABILITY = YES_AGGRESSIVE;
				CLANG_WARN_UNREACHABLE_CODE = YES;
				CLANG_WARN__DUPLICATE_METHOD_MATCH = YES;
				CODE_SIGN_IDENTITY = "iPhone Developer";
				COPY_PHASE_STRIP = NO;
				DEBUG_INFORMATION_FORMAT = dwarf;
				ENABLE_STRICT_OBJC_MSGSEND = YES;
				ENABLE_TESTABILITY = YES;
				GCC_C_LANGUAGE_STANDARD = gnu11;
				GCC_DYNAMIC_NO_PIC = NO;
				GCC_NO_COMMON_BLOCKS = YES;
				GCC_OPTIMIZATION_LEVEL = 0;
				GCC_PREPROCESSOR_DEFINITIONS = (
					"DEBUG=1",
					"$(inherited)",
				);
				GCC_WARN_64_TO_32_BIT_CONVERSION = YES;
				GCC_WARN_ABOUT_RETURN_TYPE = YES_ERROR;
				GCC_WARN_UNDECLARED_SELECTOR = YES;
				GCC_WARN_UNINITIALIZED_AUTOS = YES_AGGRESSIVE;
				GCC_WARN_UNUSED_FUNCTION = YES;
				GCC_WARN_UNUSED_VARIABLE = YES;
				IPHONEOS_DEPLOYMENT_TARGET = 8.0;
				MTL_ENABLE_DEBUG_INFO = YES;
				ONLY_ACTIVE_ARCH = YES;
				SDKROOT = iphoneos;
			};
			name = Debug;
		};
		959A5A0220D8E7840097F0C1 /* Release */ = {
			isa = XCBuildConfiguration;
			buildSettings = {
				ALWAYS_SEARCH_USER_PATHS = NO;
				CLANG_ANALYZER_NONNULL = YES;
				CLANG_ANALYZER_NUMBER_OBJECT_CONVERSION = YES_AGGRESSIVE;
				CLANG_CXX_LANGUAGE_STANDARD = "gnu++14";
				CLANG_CXX_LIBRARY = "libc++";
				CLANG_ENABLE_MODULES = YES;
				CLANG_ENABLE_OBJC_ARC = YES;
				CLANG_ENABLE_OBJC_WEAK = YES;
				CLANG_WARN_BLOCK_CAPTURE_AUTORELEASING = YES;
				CLANG_WARN_BOOL_CONVERSION = YES;
				CLANG_WARN_COMMA = YES;
				CLANG_WARN_CONSTANT_CONVERSION = YES;
				CLANG_WARN_DEPRECATED_OBJC_IMPLEMENTATIONS = YES;
				CLANG_WARN_DIRECT_OBJC_ISA_USAGE = YES_ERROR;
				CLANG_WARN_DOCUMENTATION_COMMENTS = YES;
				CLANG_WARN_EMPTY_BODY = YES;
				CLANG_WARN_ENUM_CONVERSION = YES;
				CLANG_WARN_INFINITE_RECURSION = YES;
				CLANG_WARN_INT_CONVERSION = YES;
				CLANG_WARN_NON_LITERAL_NULL_CONVERSION = YES;
				CLANG_WARN_OBJC_IMPLICIT_RETAIN_SELF = YES;
				CLANG_WARN_OBJC_LITERAL_CONVERSION = YES;
				CLANG_WARN_OBJC_ROOT_CLASS = YES_ERROR;
				CLANG_WARN_RANGE_LOOP_ANALYSIS = YES;
				CLANG_WARN_STRICT_PROTOTYPES = YES;
				CLANG_WARN_SUSPICIOUS_MOVE = YES;
				CLANG_WARN_UNGUARDED_AVAILABILITY = YES_AGGRESSIVE;
				CLANG_WARN_UNREACHABLE_CODE = YES;
				CLANG_WARN__DUPLICATE_METHOD_MATCH = YES;
				CODE_SIGN_IDENTITY = "iPhone Developer";
				COPY_PHASE_STRIP = NO;
				DEBUG_INFORMATION_FORMAT = "dwarf-with-dsym";
				ENABLE_NS_ASSERTIONS = NO;
				ENABLE_STRICT_OBJC_MSGSEND = YES;
				GCC_C_LANGUAGE_STANDARD = gnu11;
				GCC_NO_COMMON_BLOCKS = YES;
				GCC_WARN_64_TO_32_BIT_CONVERSION = YES;
				GCC_WARN_ABOUT_RETURN_TYPE = YES_ERROR;
				GCC_WARN_UNDECLARED_SELECTOR = YES;
				GCC_WARN_UNINITIALIZED_AUTOS = YES_AGGRESSIVE;
				GCC_WARN_UNUSED_FUNCTION = YES;
				GCC_WARN_UNUSED_VARIABLE = YES;
				IPHONEOS_DEPLOYMENT_TARGET = 8.0;
				MTL_ENABLE_DEBUG_INFO = NO;
				SDKROOT = iphoneos;
				VALIDATE_PRODUCT = YES;
			};
			name = Release;
		};
		959A5A0420D8E7840097F0C1 /* Debug */ = {
			isa = XCBuildConfiguration;
			buildSettings = {
				ASSETCATALOG_COMPILER_APPICON_NAME = AppIcon;
				CODE_SIGN_STYLE = Automatic;
				INFOPLIST_FILE = SCFCommonTools/Info.plist;
				LD_RUNPATH_SEARCH_PATHS = (
					"$(inherited)",
					"@executable_path/Frameworks",
				);
				PRODUCT_BUNDLE_IDENTIFIER = com.scf.SCFCommonTools;
				PRODUCT_NAME = "$(TARGET_NAME)";
				TARGETED_DEVICE_FAMILY = "1,2";
			};
			name = Debug;
		};
		959A5A0520D8E7840097F0C1 /* Release */ = {
			isa = XCBuildConfiguration;
			buildSettings = {
				ASSETCATALOG_COMPILER_APPICON_NAME = AppIcon;
				CODE_SIGN_STYLE = Automatic;
				INFOPLIST_FILE = SCFCommonTools/Info.plist;
				LD_RUNPATH_SEARCH_PATHS = (
					"$(inherited)",
					"@executable_path/Frameworks",
				);
				PRODUCT_BUNDLE_IDENTIFIER = com.scf.SCFCommonTools;
				PRODUCT_NAME = "$(TARGET_NAME)";
				TARGETED_DEVICE_FAMILY = "1,2";
			};
			name = Release;
		};
/* End XCBuildConfiguration section */

/* Begin XCConfigurationList section */
		959A59E820D8E7830097F0C1 /* Build configuration list for PBXProject "SCFCommonTools" */ = {
			isa = XCConfigurationList;
			buildConfigurations = (
				959A5A0120D8E7840097F0C1 /* Debug */,
				959A5A0220D8E7840097F0C1 /* Release */,
			);
			defaultConfigurationIsVisible = 0;
			defaultConfigurationName = Release;
		};
		959A5A0320D8E7840097F0C1 /* Build configuration list for PBXNativeTarget "SCFCommonTools" */ = {
			isa = XCConfigurationList;
			buildConfigurations = (
				959A5A0420D8E7840097F0C1 /* Debug */,
				959A5A0520D8E7840097F0C1 /* Release */,
			);
			defaultConfigurationIsVisible = 0;
			defaultConfigurationName = Release;
		};
/* End XCConfigurationList section */
	};
	rootObject = 959A59E520D8E7830097F0C1 /* Project object */;
}
